
Microsoft Visual Studio Solution File, Format Version 12.00
# Visual Studio Version 17
VisualStudioVersion = 17.6.33815.320
MinimumVisualStudioVersion = 10.0.40219.1
Project("{9A19103F-16F7-4668-BE54-9A1E7A4F7556}") = "InvitationCard.Entities", "InvitationCard.Entities\InvitationCard.Entities.csproj", "{FA5A35AA-3926-4BC9-8369-664C1DD2C20A}"
EndProject
Project("{9A19103F-16F7-4668-BE54-9A1E7A4F7556}") = "InvitationCard.DataAccess", "InvitationCard.DataAccess\InvitationCard.DataAccess.csproj", "{94588E44-CA54-4D8D-A858-582091377E3C}"
EndProject
Project("{9A19103F-16F7-4668-BE54-9A1E7A4F7556}") = "InvitationCard.Business", "InvitationCard.Business\InvitationCard.Business.csproj", "{1413F3C4-35CF-4E99-94EB-6C92A86F8944}"
EndProject
Project("{9A19103F-16F7-4668-BE54-9A1E7A4F7556}") = "InvitationCard.API", "InvitationCard.API\InvitationCard.API.csproj", "{5A7FED3D-650A-4662-A5CD-144495180896}"
EndProject
Project("{FAE04EC0-301F-11D3-BF4B-00C04F79EFBC}") = "InvitationCard.Shared", "InvitationCard.Shared\InvitationCard.Shared.csproj", "{78BBCCA5-5946-431D-B624-17C51C402303}"
EndProject
Global
	GlobalSection(SolutionConfigurationPlatforms) = preSolution
		Debug|Any CPU = Debug|Any CPU
		Release|Any CPU = Release|Any CPU
	EndGlobalSection
	GlobalSection(ProjectConfigurationPlatforms) = postSolution
		{FA5A35AA-3926-4BC9-8369-664C1DD2C20A}.Debug|Any CPU.ActiveCfg = Debug|Any CPU
		{FA5A35AA-3926-4BC9-8369-664C1DD2C20A}.Debug|Any CPU.Build.0 = Debug|Any CPU
		{FA5A35AA-3926-4BC9-8369-664C1DD2C20A}.Release|Any CPU.ActiveCfg = Release|Any CPU
		{FA5A35AA-3926-4BC9-8369-664C1DD2C20A}.Release|Any CPU.Build.0 = Release|Any CPU
		{94588E44-CA54-4D8D-A858-582091377E3C}.Debug|Any CPU.ActiveCfg = Debug|Any CPU
		{94588E44-CA54-4D8D-A858-582091377E3C}.Debug|Any CPU.Build.0 = Debug|Any CPU
		{94588E44-CA54-4D8D-A858-582091377E3C}.Release|Any CPU.ActiveCfg = Release|Any CPU
		{94588E44-CA54-4D8D-A858-582091377E3C}.Release|Any CPU.Build.0 = Release|Any CPU
		{1413F3C4-35CF-4E99-94EB-6C92A86F8944}.Debug|Any CPU.ActiveCfg = Debug|Any CPU
		{1413F3C4-35CF-4E99-94EB-6C92A86F8944}.Debug|Any CPU.Build.0 = Debug|Any CPU
		{1413F3C4-35CF-4E99-94EB-6C92A86F8944}.Release|Any CPU.ActiveCfg = Release|Any CPU
		{1413F3C4-35CF-4E99-94EB-6C92A86F8944}.Release|Any CPU.Build.0 = Release|Any CPU
		{5A7FED3D-650A-4662-A5CD-144495180896}.Debug|Any CPU.ActiveCfg = Debug|Any CPU
		{5A7FED3D-650A-4662-A5CD-144495180896}.Debug|Any CPU.Build.0 = Debug|Any CPU
		{5A7FED3D-650A-4662-A5CD-144495180896}.Release|Any CPU.ActiveCfg = Release|Any CPU
		{5A7FED3D-650A-4662-A5CD-144495180896}.Release|Any CPU.Build.0 = Release|Any CPU
		{78BBCCA5-5946-431D-B624-17C51C402303}.Debug|Any CPU.ActiveCfg = Debug|Any CPU
		{78BBCCA5-5946-431D-B624-17C51C402303}.Debug|Any CPU.Build.0 = Debug|Any CPU
		{78BBCCA5-5946-431D-B624-17C51C402303}.Release|Any CPU.ActiveCfg = Release|Any CPU
		{78BBCCA5-5946-431D-B624-17C51C402303}.Release|Any CPU.Build.0 = Release|Any CPU
	EndGlobalSection
	GlobalSection(SolutionProperties) = preSolution
		HideSolutionNode = FALSE
	EndGlobalSection
	GlobalSection(ExtensibilityGlobals) = postSolution
		SolutionGuid = {7C76F2EA-6264-4D1A-A592-044E5755CF04}
	EndGlobalSection
EndGlobal
